
Microsoft Visual Studio Solution File, Format Version 12.00
# Visual Studio Version 17
VisualStudioVersion = 17.8.34330.188
MinimumVisualStudioVersion = 10.0.40219.1
Project("{2150E333-8FDC-42A3-9474-1A3956D46DE8}") = "src", "src", "{8A55B4E2-07AE-4781-A9DA-081F6E04629B}"
EndProject
Project("{2150E333-8FDC-42A3-9474-1A3956D46DE8}") = "Presentation", "Presentation", "{4123DCA6-2DC8-4721-9F85-7B68BDAACB12}"
EndProject
Project("{2150E333-8FDC-42A3-9474-1A3956D46DE8}") = "Core", "Core", "{1F713AAE-B12C-4C39-8162-998966CBB7FB}"
EndProject
Project("{2150E333-8FDC-42A3-9474-1A3956D46DE8}") = "Infrastructure", "Infrastructure", "{E36F17D4-4CDB-4E28-AB98-4329BDC93460}"
EndProject
Project("{9A19103F-16F7-4668-BE54-9A1E7A4F7556}") = "E_Commerce_Api.Api", "src\Presentation\E_Commerce_Api.Api\E_Commerce_Api.Api.csproj", "{04A12F4D-08D1-47F1-B429-23683B5C78AF}"
EndProject
Project("{FAE04EC0-301F-11D3-BF4B-00C04F79EFBC}") = "E_Commerce_Api.Infastructure", "src\Infrastructure\E_Commerce_Api.Infastructure\E_Commerce_Api.Infastructure.csproj", "{ED81CF7A-7C77-4CE9-A828-96C0B25ABA94}"
EndProject
Project("{FAE04EC0-301F-11D3-BF4B-00C04F79EFBC}") = "E_Commerce_Api.Persistance", "src\Infrastructure\E_Commerce_Api.Persistance\E_Commerce_Api.Persistance.csproj", "{A6FDD9AF-90F3-42B8-803A-7BD3456A0E9E}"
EndProject
Project("{FAE04EC0-301F-11D3-BF4B-00C04F79EFBC}") = "E_Commerce_Api.Application", "src\Core\E_Commerce_Api.Application\E_Commerce_Api.Application.csproj", "{CA2B3F1B-4653-4D25-8B77-D7AB95AC66DD}"
EndProject
Project("{FAE04EC0-301F-11D3-BF4B-00C04F79EFBC}") = "E_Commerce_Api.Domain", "src\Core\E_Commerce_Api.Domain\E_Commerce_Api.Domain.csproj", "{CE2506FB-32B6-4BE5-924C-635B2671980F}"
EndProject
Global
	GlobalSection(SolutionConfigurationPlatforms) = preSolution
		Debug|Any CPU = Debug|Any CPU
		Release|Any CPU = Release|Any CPU
	EndGlobalSection
	GlobalSection(ProjectConfigurationPlatforms) = postSolution
		{04A12F4D-08D1-47F1-B429-23683B5C78AF}.Debug|Any CPU.ActiveCfg = Debug|Any CPU
		{04A12F4D-08D1-47F1-B429-23683B5C78AF}.Debug|Any CPU.Build.0 = Debug|Any CPU
		{04A12F4D-08D1-47F1-B429-23683B5C78AF}.Release|Any CPU.ActiveCfg = Release|Any CPU
		{04A12F4D-08D1-47F1-B429-23683B5C78AF}.Release|Any CPU.Build.0 = Release|Any CPU
		{ED81CF7A-7C77-4CE9-A828-96C0B25ABA94}.Debug|Any CPU.ActiveCfg = Debug|Any CPU
		{ED81CF7A-7C77-4CE9-A828-96C0B25ABA94}.Debug|Any CPU.Build.0 = Debug|Any CPU
		{ED81CF7A-7C77-4CE9-A828-96C0B25ABA94}.Release|Any CPU.ActiveCfg = Release|Any CPU
		{ED81CF7A-7C77-4CE9-A828-96C0B25ABA94}.Release|Any CPU.Build.0 = Release|Any CPU
		{A6FDD9AF-90F3-42B8-803A-7BD3456A0E9E}.Debug|Any CPU.ActiveCfg = Debug|Any CPU
		{A6FDD9AF-90F3-42B8-803A-7BD3456A0E9E}.Debug|Any CPU.Build.0 = Debug|Any CPU
		{A6FDD9AF-90F3-42B8-803A-7BD3456A0E9E}.Release|Any CPU.ActiveCfg = Release|Any CPU
		{A6FDD9AF-90F3-42B8-803A-7BD3456A0E9E}.Release|Any CPU.Build.0 = Release|Any CPU
		{CA2B3F1B-4653-4D25-8B77-D7AB95AC66DD}.Debug|Any CPU.ActiveCfg = Debug|Any CPU
		{CA2B3F1B-4653-4D25-8B77-D7AB95AC66DD}.Debug|Any CPU.Build.0 = Debug|Any CPU
		{CA2B3F1B-4653-4D25-8B77-D7AB95AC66DD}.Release|Any CPU.ActiveCfg = Release|Any CPU
		{CA2B3F1B-4653-4D25-8B77-D7AB95AC66DD}.Release|Any CPU.Build.0 = Release|Any CPU
		{CE2506FB-32B6-4BE5-924C-635B2671980F}.Debug|Any CPU.ActiveCfg = Debug|Any CPU
		{CE2506FB-32B6-4BE5-924C-635B2671980F}.Debug|Any CPU.Build.0 = Debug|Any CPU
		{CE2506FB-32B6-4BE5-924C-635B2671980F}.Release|Any CPU.ActiveCfg = Release|Any CPU
		{CE2506FB-32B6-4BE5-924C-635B2671980F}.Release|Any CPU.Build.0 = Release|Any CPU
	EndGlobalSection
	GlobalSection(SolutionProperties) = preSolution
		HideSolutionNode = FALSE
	EndGlobalSection
	GlobalSection(NestedProjects) = preSolution
		{4123DCA6-2DC8-4721-9F85-7B68BDAACB12} = {8A55B4E2-07AE-4781-A9DA-081F6E04629B}
		{1F713AAE-B12C-4C39-8162-998966CBB7FB} = {8A55B4E2-07AE-4781-A9DA-081F6E04629B}
		{E36F17D4-4CDB-4E28-AB98-4329BDC93460} = {8A55B4E2-07AE-4781-A9DA-081F6E04629B}
		{04A12F4D-08D1-47F1-B429-23683B5C78AF} = {4123DCA6-2DC8-4721-9F85-7B68BDAACB12}
		{ED81CF7A-7C77-4CE9-A828-96C0B25ABA94} = {E36F17D4-4CDB-4E28-AB98-4329BDC93460}
		{A6FDD9AF-90F3-42B8-803A-7BD3456A0E9E} = {E36F17D4-4CDB-4E28-AB98-4329BDC93460}
		{CA2B3F1B-4653-4D25-8B77-D7AB95AC66DD} = {1F713AAE-B12C-4C39-8162-998966CBB7FB}
		{CE2506FB-32B6-4BE5-924C-635B2671980F} = {1F713AAE-B12C-4C39-8162-998966CBB7FB}
	EndGlobalSection
	GlobalSection(ExtensibilityGlobals) = postSolution
		SolutionGuid = {9574D780-A321-4FA8-A79F-32BF7D56FD62}
	EndGlobalSection
EndGlobal
